{
    "_meta": {
        "hash": {
            "sha256": "9e28c1c8714d43f547684e5b3d53b5409052fa64dc65139814ec35d0f81c2c8e"
        },
        "pipfile-spec": 6,
        "requires": {
            "python_version": "3.6"
        },
        "sources": [
            {
                "name": "pypi",
                "url": "https://pypi.org/simple",
                "verify_ssl": true
            }
        ]
    },
    "default": {
        "blis": {
            "hashes": [
                "sha256:039129410a338be8db8cf48c54334bd7c30da7e72bad2741e59313b1d242814b",
                "sha256:058f9109aaea9d4f88cb623a44994d96c8cf36448de3e1bd30210628d6b52e9e",
                "sha256:278d7b95e56cf82a6bef91cd8283eadc9401f2d3bdbbf2cdfdb605cf9081c36e",
                "sha256:2d4ca1508fd6229c7994fc17ba324083a5b83f66612c8ea62623a41a1768b030",
                "sha256:51a54bad6175e9b154beeb628a879ed492ee2247c9e40c77bdf6fc772145130c",
                "sha256:886b313f96d4e268a0587e98c1637d963c73defa8de51e2e6b0d0bd00f16afbb",
                "sha256:9f12e6f1e4b10dbb1e0e34e98f60e8435058a60d544a009cb761351fe1d12cad",
                "sha256:a54d4fa1908d586f8bce9851a453cb89d1542e9aca65b8b88e9bb9432d626f80",
                "sha256:b9d6cef13d95e3752320cd942df25e09160a6f9dfc3d7b41af7cdc772ab18270",
                "sha256:d571464d195a950e60bf1547c8914d4da50952e06a0f38cea7b0829d0a4b985a",
                "sha256:d616d64c85e6be92d69a1410dc58146cb9603fd1eb148f9ee512b8fddfd789f6",
                "sha256:e477c7eaacf7dcccbb190a29559579efb287ecf5c2a9a7a6f9acb0452899f033",
                "sha256:e6ae1986625af86f90f111f9d2d284b9e45fddfe56cf40524cdd9417a6a33b87"
            ],
            "version": "==0.2.4"
        },
        "certifi": {
            "hashes": [
                "sha256:59b7658e26ca9c7339e00f8f4636cdfe59d34fa37b9b04f6f9e9926b3cece1a5",
                "sha256:b26104d6835d1f5e49452a26eb2ff87fe7090b89dfcaee5ea2212697e1e1d7ae"
            ],
            "version": "==2019.3.9"
        },
        "chardet": {
            "hashes": [
                "sha256:84ab92ed1c4d4f16916e05906b6b75a6c0fb5db821cc65e70cbd64a3e2a5eaae",
                "sha256:fc323ffcaeaed0e0a02bf4d117757b98aed530d9ed4531e3e15460124c106691"
            ],
            "version": "==3.0.4"
        },
        "cocos2d": {
            "hashes": [
                "sha256:2d0b429616d59792035f376d80daeb7e7f5ec602e49ff4176be8204232606b49"
            ],
            "version": "==0.6.5"
        },
        "cymem": {
            "hashes": [
                "sha256:081c652ae1aff4759813e93a2fc4df4ba410ce214a0e542988e24c62110d4cd0",
                "sha256:0e447fa4cb6dccd0b96257a798370a17bef3ec254a527230058e41816a777c04",
                "sha256:2c8267dcb15cc6ab318f01ceaf16b8440c0386ae44014d5b22fefe5b0398d05c",
                "sha256:46141111eedbb5b0d8c9386b00226a15f5727a1202b9095f4363d425f259267e",
                "sha256:4994c1f3e948bd58a6e38c905221680563b851983a15f1f01e5ff415d560d153",
                "sha256:584872fd3df176e50c90e37aaca6cb731ac0abcdea4f5b8ad77c30674cfaaa99",
                "sha256:6e3194135b21bb268030f3473beb8b674b356c330a9fa185dced2f5006cbd5ba",
                "sha256:71710ee0e946a6bd33c86dd9e71f95ad584c65e8bb02615f00ceb0d8348fb303",
                "sha256:741957f541fb8322de5a8c711d5d58f80d684225d2aec32fec92484cac931a52",
                "sha256:7f01ba6153427811cd7d35630081c69b32c188a1d330599a826ef3bf17edbd7c",
                "sha256:8d96e95902e781950d7c255b19364a1ed50a204843d63dd386b0abc5e6df5e44",
                "sha256:8dd169ece1629ec4db1a592321e3ae0a9bb62fda2052a351fc36871f314c3569",
                "sha256:8e6ad29636edd559b0dfe0a19c5cb5e6257461a5df90839e8c7710ddb005f4b4",
                "sha256:9935b233882732f03fd0fadbeb9e9aa672edcdd126e6d52c36d60adf1def8ea5",
                "sha256:a38b3229782411e4b23240f5f90000c4e7a834af88ed8763c66f8e4603db6b51",
                "sha256:a5966b3171bad9c84a2b19dccda5ab37ae8437c0709a6b72cb42b64ea76a4bd3",
                "sha256:ab88b1534f06df07262d9bc5efb3ba07948cdbe9a363eb9eaa4ad42fae6c7b5e",
                "sha256:b08b0dd7adafbff9f0fd7dc8dcad5f3ce6f23c126c81ad8d1666880cc94e6974",
                "sha256:ba47b571d480c0b76d282ff1634372070031d4998a46ae5d8305d49563b74ca6",
                "sha256:bf049dc9cf0d3aa4a48ba514b7f1699fb6f35b18ad8c6f018bd13e0bccd9d30c",
                "sha256:c46a122c524a3270ac5249f590ac2f75f1a83692a3d3a03479cea49de72a0a89",
                "sha256:c63337aa7e1ad4ec182cc7847c6d85390589fbbf1f9f67d1fde8133a9acb7fa8",
                "sha256:ec51273ea08a2c6389bc4dd6b5183354826d916b149a041f2f274431166191bc"
            ],
            "version": "==2.0.2"
        },
        "cython": {
            "hashes": [
                "sha256:03db8c1b8120039f72493b95494a595be13b01b6860cfc93e2a651a001847b3b",
                "sha256:0d2ccb812d73e67557fd16e7aa7bc5bac18933c1dfe306133cd0680ccab89f33",
                "sha256:24f8ea864de733f5a447896cbeec2cac212247e33272539670b9f466f43f23db",
                "sha256:30a8fd029eb932a7b5a74e158316d1d069ccb67a8607aa7b6c4ed19fab7fbd4a",
                "sha256:37e680901e6a4b97ab67717f9b43fc58542cd10a77431efd2d8801d21d5a37d4",
                "sha256:4984e097bc9da37862d97c1f66dacf2c80fadaea488d96ba0b5ea9d84dbc7521",
                "sha256:4cfda677227af41e4502e088ee9875e71922238a207d0c40785a0fb09c703c21",
                "sha256:4ec60a4086a175a81b9258f810440a6dd2671aa4b419d8248546d85a7de6a93f",
                "sha256:51c7d48ea4cba532d11a6d128ebbc15373013f816e5d1c3a3946650b582a30b8",
                "sha256:634e2f10fc8d026c633cffacb45cd8f4582149fa68e1428124e762dbc566e68a",
                "sha256:67e0359709c8addc3ecb19e1dec6d84d67647e3906da618b953001f6d4480275",
                "sha256:6a93d4ba0461edc7a359241f4ebbaa8f9bc9490b3540a8dd0460bef8c2c706db",
                "sha256:6ba89d56c3ee45716378cda4f0490c3abe1edf79dce8b997f31608b14748a52b",
                "sha256:6ca5436d470584ba6fd399a802c9d0bcf76cf1edb0123725a4de2f0048f9fa07",
                "sha256:7656895cdd59d56dd4ed326d1ee9ede727020d4a5d8778a05af2d8e25af4b13d",
                "sha256:85f7432776870d65639fed00f951a3c05ef1e534bc72a73cd1200d79b9a7d7d0",
                "sha256:96dd674e72281d3feed74fd5adcf0514ba02884f123cdf4fb78567e7be6b1694",
                "sha256:97bf06a89bcf9e8d7633cde89274d42b3b661dc974b58fca066fad762e46b4d8",
                "sha256:9a465e7296a4629139be5d2015577f2ae5e08196eb7dc4c407beea130f362dc3",
                "sha256:9a60355edca1cc9006be086e2633e190542aad2bf9e46948792a48b3ae28ed97",
                "sha256:9eab3696f2cb88167db109d737c787fb9dd34ca414bd1e0c424e307956e02c94",
                "sha256:c3ae7d40ebceb0d944dfeeceaf1fbf17e528f5327d97b008a8623ddddd1ecee3",
                "sha256:c623d19fcc60ea27882f20cf484218926ddf6f978b958dae1070600a1974f809",
                "sha256:c719a6e86d7c737afcc9729994f76b284d1c512099ee803eff11c2a9e6e33a42",
                "sha256:cf17af0433218a1e33dc6f3069dd9e7cd0c80fe505972c3acd548e25f67973fd",
                "sha256:daf96e0d232605e979995795f62ffd24c5c6ecea4526e4cbb86d80f01da954b2",
                "sha256:db40de7d03842d3c4625028a74189ade52b27f8efaeb0d2ca06474f57e0813b2",
                "sha256:deea1ef59445568dd7738fa3913aea7747e4927ff4ae3c10737844b8a5dd3e22",
                "sha256:e05d28b5ce1ee5939d83e50344980659688ecaed65c5e10214d817ecf5d1fe6a",
                "sha256:f5f6694ce668eb7a9b59550bfe4265258809c9b0665c206b26d697df2eef2a8b"
            ],
            "version": "==0.28.2"
        },
        "future": {
            "hashes": [
                "sha256:67045236dcfd6816dc439556d009594abf643e5eb48992e36beac09c2ca659b8"
            ],
            "version": "==0.17.1"
        },
        "glfw": {
            "hashes": [
                "sha256:7570ad1f19bb1654202f28235fb406209cf0b08909970a8e42fe4a7aaa17075b",
                "sha256:c0798bc5da277459e021b878af6f122c55aa790e52daef542b9d740162950d50",
                "sha256:cdaacc4b740b565827a04f1c2a5feeec7acede9e953158f3e958c8608cf0d0d1"
            ],
            "version": "==1.8.0"
        },
        "idna": {
            "hashes": [
                "sha256:c357b3f628cf53ae2c4c05627ecc484553142ca23264e593d327bcde5e9c3407",
                "sha256:ea8b7f6188e6fa117537c3df7da9fc686d485087abf6ac197f9c46432f7e4a3c"
            ],
            "version": "==2.8"
        },
        "imgui": {
            "extras": [
                "full"
            ],
            "hashes": [
                "sha256:09fd668192063acdc7389086bd6fd72cdc0f267b10c438b6976bc06ccc892a0f",
                "sha256:12ab2c7ecfaa51bbe8671055b14d459552e9c9af5fa0a2683dc7473f99527b61",
                "sha256:12df31b9c2b81509282b555ea5096b71215f0a761fc012a98b96578b06f512c9",
                "sha256:1eebb62bba1458bb194596d34799b8cd2879a8ce0501328bce5851461bec6e3d",
                "sha256:2d3e8d2e90fef5a53d3521bfa1bced6c586e330b3c67effd36a044eda157671c",
                "sha256:3429d99229112d7181971384826ad2f2dcb173dd89c72a1a7b152c6877146832",
                "sha256:3c3cbe74be401dfd15cd9e2dda43edf49e8998136d8db59360274b3823934bae",
                "sha256:417dcc196461b858aef109117faa9149e5bd7bd01075000aead860f589c23d59",
                "sha256:4abc7ea1a94d8faf0cadb7a4e63e9dd8ed275585abac8aaa625ae5b54b9a60b1",
                "sha256:645ca110e746606f7cab2786a7aff4e40f2e94e704469217d61b88fd82e76119",
                "sha256:660595076076b179106e4c1094d366c39f2b8a6ad2162203a95a76e31ec253c2",
                "sha256:66b312e13564503067801804c91147e79a7ed4062ab00534ce71c573a0d98f7d",
                "sha256:74a84f121ddb2a5d22e8e9aad321edb0edc1516cf3257c08ab9a6c348497a9ca",
                "sha256:76430f5795f81d6bdc45b36e9fee5c4b2716709fc85e1f5576ce102cb576aaf4",
                "sha256:78fd1cb0c8d49a563c970f4bcade633f67e5a8b482c32e358cffe0566dc27aaa",
                "sha256:7d6be4cd843fee5eb5dbf65e722737e1004b61fce3552975229813dd3749d76f",
                "sha256:8153349b8606a3810ce5aba6f1c0ce0394092f17e877e7e3881bc329139e4896",
                "sha256:8503b62b5848fa0486303a590b0dc8931d78f730e69164b43b3faf8ea4323bb9",
                "sha256:86efd2b2afefc3bcb7021f141ecbc3e6cd2e21e5528d2711cf568dd4c57824b4",
                "sha256:b5903c38f02162937e6120a81737e6a2d5af6129231ebf2658487a9e6881fbbe",
                "sha256:c676348dea0ac969658cee93498a5b666c9acb64fd61948d5c4617947a9f12c6",
                "sha256:c78f1b5df6b54364759ef5bf5d5f9d30a6567f5c4599aab52bcb86411c8550eb",
                "sha256:d9536668bf77a19d344458498a5b178560318965afd7d0a272b4461e324350d0",
                "sha256:deace5d07f0e611875064f2815d44cbe7f22a04688fc5710d887761e16032131",
                "sha256:df1f4ef0c3b6c1ecda69b4e079fe191e9f1a11a7d8586581eb8960bcc17f4290",
                "sha256:e24fbc0913a6aec9fd4aec197eb4c67324279b78f435dff73f299b3d56aee908",
                "sha256:eac18d5020514bf7067a790239c8f9b08a0b5b881ac69eb5af3153e5d2beddf5",
                "sha256:fbc3c0a3d52ee5d1503e9fda4c17a3d30f9f453d1739ab4dd670e6da5f23d81b"
            ],
            "index": "pypi",
            "version": "==0.1.0"
        },
        "jsonschema": {
            "hashes": [
                "sha256:000e68abd33c972a5248544925a0cae7d1125f9bf6c58280d37546b946769a08",
                "sha256:6ff5f3180870836cae40f06fa10419f557208175f13ad7bc26caa77beb1f6e02"
            ],
            "version": "==2.6.0"
        },
        "murmurhash": {
            "hashes": [
                "sha256:27b908fe4bdb426f4e4e4a8821acbe0302915b2945e035ec9d8ca513e2a74b1f",
                "sha256:33405103fa8cde15d72ee525a03d5cfe2c7e4901133819754810986e29627d68",
                "sha256:386a9eed3cb27cb2cd4394b6521275ba04552642c2d9cab5c9fb42aa5a3325c0",
                "sha256:3af36a0dc9f13f6892d9b8b39a6a3ccf216cae5bce38adc7c2d145677987772f",
                "sha256:717196a04cdc80cc3103a3da17b2415a8a5e1d0d578b7079259386bf153b3258",
                "sha256:8a4ed95cd3456b43ea301679c7c39ade43fc18b844b37d0ba0ac0d6acbff8e0c",
                "sha256:a6c071b4b498bcea16a8dc8590cad81fa8d43821f34c74bc00f96499e2527073",
                "sha256:b0afe329701b59d02e56bc6cee7325af83e3fee9c299c615fc1df3202b4f886f",
                "sha256:ba766343bdbcb928039b8fff609e80ae7a5fd5ed7a4fc5af822224b63e0cbaff",
                "sha256:bf33490514d308bcc27ed240cb3eb114f1ec31af031535cd8f27659a7049bd52",
                "sha256:c7a646f6b07b033642b4f52ae2e45efd8b80780b3b90e8092a0cec935fbf81e2",
                "sha256:d696c394ebd164ca80b5871e2e9ad2f9fdbb81bd3c552c1d5f1e8ee694e6204a",
                "sha256:fe344face8d30a5a6aa26e5acf288aa2a8f0f32e05efdda3d314b4bf289ec2af"
            ],
            "version": "==1.0.2"
        },
        "numpy": {
            "hashes": [
                "sha256:0e2eed77804b2a6a88741f8fcac02c5499bba3953ec9c71e8b217fad4912c56c",
                "sha256:1c666f04553ef70fda54adf097dbae7080645435fc273e2397f26bbf1d127bbb",
                "sha256:1f46532afa7b2903bfb1b79becca2954c0a04389d19e03dc73f06b039048ac40",
                "sha256:315fa1b1dfc16ae0f03f8fd1c55f23fd15368710f641d570236f3d78af55e340",
                "sha256:3d5fcea4f5ed40c3280791d54da3ad2ecf896f4c87c877b113576b8280c59441",
                "sha256:48241759b99d60aba63b0e590332c600fc4b46ad597c9b0a53f350b871ef0634",
                "sha256:4b4f2924b36d857cf302aec369caac61e43500c17eeef0d7baacad1084c0ee84",
                "sha256:54fe3b7ed9e7eb928bbc4318f954d133851865f062fa4bbb02ef8940bc67b5d2",
                "sha256:5a8f021c70e6206c317974c93eaaf9bc2b56295b6b1cacccf88846e44a1f33fc",
                "sha256:754a6be26d938e6ca91942804eb209307b73f806a1721176278a6038869a1686",
                "sha256:771147e654e8b95eea1293174a94f34e2e77d5729ad44aefb62fbf8a79747a15",
                "sha256:78a6f89da87eeb48014ec652a65c4ffde370c036d780a995edaeb121d3625621",
                "sha256:7fde5c2a3a682a9e101e61d97696687ebdba47637611378b4127fe7e47fdf2bf",
                "sha256:80d99399c97f646e873dd8ce87c38cfdbb668956bbc39bc1e6cac4b515bba2a0",
                "sha256:88a72c1e45a0ae24d1f249a529d9f71fe82e6fa6a3fd61414b829396ec585900",
                "sha256:a4f4460877a16ac73302a9c077ca545498d9fe64e6a81398d8e1a67e4695e3df",
                "sha256:a61255a765b3ac73ee4b110b28fccfbf758c985677f526c2b4b39c48cc4b509d",
                "sha256:ab4896a8c910b9a04c0142871d8800c76c8a2e5ff44763513e1dd9d9631ce897",
                "sha256:abbd6b1c2ef6199f4b7ca9f818eb6b31f17b73a6110aadc4e4298c3f00fab24e",
                "sha256:b16d88da290334e33ea992c56492326ea3b06233a00a1855414360b77ca72f26",
                "sha256:b78a1defedb0e8f6ae1eb55fa6ac74ab42acc4569c3a2eacc2a407ee5d42ebcb",
                "sha256:cfef82c43b8b29ca436560d51b2251d5117818a8d1fb74a8384a83c096745dad",
                "sha256:d160e57731fcdec2beda807ebcabf39823c47e9409485b5a3a1db3a8c6ce763e"
            ],
            "version": "==1.16.3"
        },
        "plac": {
            "hashes": [
                "sha256:854693ad90367e8267112ffbb8955f57d6fdeac3191791dc9ffce80f87fd2370",
                "sha256:ba3f719a018175f0a15a6b04e6cc79c25fd563d348aacd320c3644d2a9baf89b"
            ],
            "version": "==0.9.6"
        },
        "preshed": {
            "hashes": [
                "sha256:0c9af79c7b825793f987d477627efb81afd23384ac791bebbc88a257342a77ab",
                "sha256:0ebc79431154bc5d12f97b3c93bc350af941702a44f0761dfcd395e970d693f8",
                "sha256:102e71dc841c979b2ece44ab05b2b0aa39c8039493ddac40dd22cf23e2484063",
                "sha256:15145b24eded01426544be829a6395d6c99e2d62f5f3b88a6e19087ebeef7237",
                "sha256:195674dfb4bcf18b26e448feaabdf61adcf028ae69ecaa075c0bdfaf62a19671",
                "sha256:38f7fbef59f89d3b2c8c3b102f9a7360cd73a33c829fdeb101c615b18ecc4686",
                "sha256:3aa411233dc230247ea4c4558062e5b2d59d41c697107a45fddbfe03e63f3e77",
                "sha256:3b8c7b607e6dce0843544cfe4f05355db0516fce8eca0c37d6b5f4f3680493bf",
                "sha256:4bda4153d46a603bc6ea65380dfa091d46700f664cb906c7f26a469be6c2a503",
                "sha256:541d7ed765d67512d6f9fa24fd01cc1d7a51c7ff2646362924f4db46813b485a",
                "sha256:593d23b9f851ae7a4d519ca4489dd2b352d833e08f5d35795d42a591b8badb54",
                "sha256:7f6fb8f4108abe958af892847ed50abe6f45aaf45a87853cc8154a7203e75d84",
                "sha256:7ff7f18af1f19ea666ac4fbf48842e6acd900fbfdc26bb9aad02f353ff932386",
                "sha256:9c0d503d8693bf1e08e0fa1cecbcd3253146abaa9a7501d7d583a72edd29fdd1",
                "sha256:9cefe818a97134c0ddf22ef76fced1c841ebd137c2895251c5d1310276c234b5",
                "sha256:9e603916a95dc524081d54c0a135611e6f68d787185d5df2b5ab3f076c3d1bd4",
                "sha256:a2acacceac79aa6d4b65125e20c7de78fbca1340a251854c87967acef1795490",
                "sha256:a3d592e7b265b4faf08c9b4d7493b9e8604e0ba8858cc9bd8c9aee41d3df2a3a",
                "sha256:b2030e68c6f539e6dd7bfcea032940042739ef05d50a2eb1d7af24e038971b0f",
                "sha256:bc894dc14d8567a5d6a1cded0a701da7fbb360b2124237fe8acde85333825aef",
                "sha256:c21d4d10cc0248ba3facbbbfbe63211ce921478a3d5db6de34de39ee1b3484e1",
                "sha256:dae01c74313965c487e0ec839e5f28d0c7df9bfd1d978aa5bada3f72ff20a9e5",
                "sha256:ee8068035684a4b382bebb3a3f270799360545baff9742b85e627a0a889e6850"
            ],
            "version": "==2.0.1"
        },
        "pygame": {
            "hashes": [
                "sha256:0480fe82cd41a43e3eea497fa2c059c72ac54cb5d003d5aa2ed06a04541c384e",
                "sha256:136a3b5711d9ec369a0407e4e08ffced3ba61aa41059e9280ffffa79c8614f65",
                "sha256:2622b9dd95f445c887a36a57eade42c672598589f69a8052ccdb8eeeffa4dbb1",
                "sha256:301c6428c0880ecd4a9e3951b80e539c33863b6ff356a443db1758de4f297957",
                "sha256:398c42b605ecc514e62f68f1944a2d21e247938309f598de6cb0ad3c207324a8",
                "sha256:4aaff572a273a32e70ec3593d213e59ab11c183a9916616562247930f17a5447",
                "sha256:4e1065577f1b29111113be5deb2ea88553551a5e1cf33e0c08fa32768f285809",
                "sha256:5f052dc2975a399aa1830c1f04c5f72856aa416bf3cd4b31375a058015a5c620",
                "sha256:68ea43e51150316b9fb08e251209d4e2b4e76a340b5b6fc8cdf1a898c78f7e5b",
                "sha256:698433a9fcefca0527244dc44dff9503eb26157494730b1cc80e6e4dbb246e92",
                "sha256:6f714986f7987f10cb94f1be0753318e341a7ea6b12d66f37a4d5d6dd4695023",
                "sha256:73cd9df328c7e72638dbcc1d18e7155225faed880a53db6bad90d1d7c0a71dfd",
                "sha256:7876d1f29f66d3d7cac46479503891ee1ef409b0fbce54b0d74f3a6b33a46dba",
                "sha256:854e87b8b2b76e3ed11d64985fcfdd7af919659503de99fc2b0a717b314c3cf0",
                "sha256:8da13704ad45b7d5de8a8cca135a7f44c7fc6aa9f691abe7b0392468a34a8013",
                "sha256:9ce22fb72298ea33dbb3a1c6c60a4a4e19d9698df6f3f5782eba4dada7b7736d",
                "sha256:a37b6c59e7b8feadc51db5197052b86ceb6443f9fb2a6f7d6527620e707c558c",
                "sha256:a6e8d2f99dbe1dfe72d0c019693c14d93c410f702d0b04ec9a81b36dacd55a23",
                "sha256:a9ac862dd7159861f2c6443b0029089e1c0c4ec762a8074022914ec52fe4dfac",
                "sha256:ae1bc3e78ed28f20878e7ca2c98663a6634e9c00d7746d39413fc18e907dc162",
                "sha256:be7e70f91bd4eb35ae081062f16bf434619b3292358d9b061f8159ddc570c7f0",
                "sha256:c895cf9c1b6d1cbba8cb8cc3f5427febcf8aa41a9333697741abeea1c537a350",
                "sha256:f1f5714d2c23f6a64ef2ac4fcd36a2dd2689da85978d951a99a6ae5dfdf9bdbc",
                "sha256:fa788f775680fc5d268ab00a2da29c9a22830032cfab732730298a2952cd87f3"
            ],
            "version": "==1.9.6"
        },
        "pyglet": {
            "hashes": [
                "sha256:8b07aea16f34ac861cffd06a0c17723ca944d172e577b57b21859b7990709a66",
                "sha256:b00570e7cdf6971af8953b6ece50d83d13272afa5d1f1197c58c0f478dd17743"
            ],
            "version": "==1.3.2"
        },
        "pyopengl": {
            "hashes": [
                "sha256:9b47c5c3a094fa518ca88aeed35ae75834d53e4285512c61879f67a48c94ddaf",
                "sha256:efa4e39a49b906ccbe66758812ca81ced13a6f26931ab2ba2dba2750c016c0d0"
            ],
            "version": "==3.1.0"
        },
        "pysdl2": {
            "hashes": [
                "sha256:b52acab5493a77b08c2afee1f385769fc2005f17cfeaf1886eff22dc78da2123"
            ],
            "version": "==0.9.6"
        },
        "requests": {
            "hashes": [
                "sha256:502a824f31acdacb3a35b6690b5fbf0bc41d63a24a45c4004352b0242707598e",
                "sha256:7bf2a778576d825600030a110f3c0e3e8edc51dfaafe1c146e39a2027784957b"
            ],
            "version": "==2.21.0"
        },
        "sexpdata": {
            "hashes": [
                "sha256:1ac827a616c5e87ebb60fd6686fb86f8a166938c645f4089d92de3ffbdd494e0"
            ],
            "index": "pypi",
            "version": "==0.0.3"
        },
        "six": {
            "hashes": [
                "sha256:3350809f0555b11f552448330d0b52d5f24c91a322ea4a15ef22629740f3761c",
                "sha256:d16a0141ec1a18405cd4ce8b4613101da75da0e9a7aec5bdd4fa804d0e0eba73"
            ],
            "version": "==1.12.0"
        },
        "spacy": {
            "hashes": [
                "sha256:0fe2e5905f2f5b41be3ebea40626f70bea567a7a2cda9c244109fffe8d964429",
                "sha256:30f0f09074bf115a0384691e8ba3d64aab431192b3095a13312a93d0e8a71c07",
                "sha256:6a82612f0e75c11d541002f49375d80b4800c967e5d2b402d5a8dd40b6c57ae6",
                "sha256:74066ac969a587d16d00d65318c1baa3c3e9215e6858d0c81ce2823320fe09dc",
                "sha256:b1b86ddf6142fa2782b2e0269d040430ae5696eb0224f3e99408897cac7bb506",
                "sha256:be8a7c89461ac22d261e19e1d3eb35752d8ff3e52452af076b303561bb166408",
                "sha256:e6522e1242a5a5f12ef7e55f74df020b5deea59f7d1e7b6e69298301e3c0badd",
                "sha256:eb699f54bf6d131df701e6dbbef9e91b74a065a42c9d2850964282b3c14560bb",
                "sha256:f385942c5b2c8cf07e4a56871f88a49d4c8a9145fcd731c455e39fb5af9b12ba"
            ],
            "index": "pypi",
            "version": "==2.1.3"
        },
        "srsly": {
            "hashes": [
                "sha256:02ea974c4b80f9ffdea4f953ffece5a8715e4e4b37d09192ab65cf4edfbf74d1",
                "sha256:061ade35556e51b2e1da6f8552be7a6327d2d02b69edf0aacc9f5c4319d495f1",
                "sha256:1bf6af7a86f34969a3997da09fc8c2f72ee02cd74ff40035e37c2f968776fa23",
                "sha256:1e4ef85bf133e384f465865ba4e0a14a52c4f2e4b46c763faf100339a06f09c4",
                "sha256:850399e43f4cefdcac7a913363b120ea084cb02fcfdbbde1bd37444804d7def4",
                "sha256:977aa6e5fd3f7e9d1c8fe7aeed841dfe3ede75dfce04255d4c670e663faaef2a",
                "sha256:abdc5b46866648b123517550582dc4c4b767b816ae54c44e5973bbebc3f0dab4",
                "sha256:ac0dbe6e715e1fe3536397a9e65ec8f3c624c99f45b6f30e87d220071ef84721",
                "sha256:b8646f0f7cf6fd1de4919ab456d9c030e09e74f741a0cecc941363414109ccdc",
                "sha256:b9dc81339c1ab969057e790d7b2a56fd4da87336785bd671c86520e8272e3663",
                "sha256:d7c91f59edc2ceeca70adf1b0a46d337234ff4fb7ca2b579ca41885f011b329f",
                "sha256:d906a2a3df1cac2cb4bf382b8aaf14e22df2ca3758eba0d3049723c851c8ebf0",
                "sha256:ecec49c9cdaae4594011666dd654e1e044e552f63bb3a62a1849c65a92ee302e",
                "sha256:ef7897050c04a313f2db99c9bcaf2f0c3c75609677683ca5a6e1e7a515325d72"
            ],
            "version": "==0.0.5"
        },
        "thinc": {
            "hashes": [
                "sha256:12c003b804fb93c64261a5010df0129f942234adb8f45d489a355a5315e06acf",
                "sha256:17f9ada01f1f77a5560bc16ec5a650dca08356b50727ded0df19f0dfb4a32a25",
                "sha256:26c9d54ffd90753feebbc462ae59939a9e3d2485ef24ed3dc1861c9b486fdbbe",
                "sha256:3258161fc2cefa4082f099dec3748f1dcef5e920df5e9d82258ea6ffec280b9a",
                "sha256:38a83b928cdc49c994852538f639b2a889681a0589c44b1a6fc3c899e5f36893",
                "sha256:3e76101a733bbb0b97d44bdbcb407678b9e2b487047acb6f4c19b72909a6b12f",
                "sha256:412f107c458d2951711b4d3ec53587244cd3acc032944e855f49cf94a1adc36e",
                "sha256:4948c10c61e627950900cdccf506eb7398d2b28f33cf72bb4b5d9c5c572925e7",
                "sha256:a8b2d7713a7dfc0b18b5c16db58ab6e015df14e4fbed0249ed49e630b2d6a86f",
                "sha256:ec99c2c65962157c7ee7b947d29f2775291860b81cba62c5bd9f92fdeca2d137",
                "sha256:f2386e66042218f19e511692926cef00a9646a3104d2efddfb5bec7b0388a83b",
                "sha256:fc0b37733591315afddee45823d4f6740f9b0567c1ba57a3a3c319669d1fcbad"
            ],
            "version": "==7.0.4"
        },
        "tqdm": {
            "hashes": [
                "sha256:d385c95361699e5cf7622485d9b9eae2d4864b21cd5a2374a9c381ffed701021",
                "sha256:e22977e3ebe961f72362f6ddfb9197cc531c9737aaf5f607ef09740c849ecd05"
            ],
            "version": "==4.31.1"
        },
        "urllib3": {
            "hashes": [
                "sha256:2393a695cd12afedd0dcb26fe5d50d0cf248e5a66f75dbd89a3d4eb333a61af4",
                "sha256:a637e5fae88995b256e3409dc4d52c2e2e0ba32c42a6365fee8bbd2238de3cfb"
            ],
            "version": "==1.24.3"
        },
        "wasabi": {
            "hashes": [
                "sha256:b4fbee9dd0c8f5cff6554c0463c565e2d52b7c844d7eccb477d29a6ff8567750",
                "sha256:f92c83e728bf1db6dc859ffc861afa328d2da8ef0c7a19300e5fb1bd5762b277"
            ],
            "version": "==0.2.2"
        }
    },
    "develop": {}
}
